// !$*UTF8*$!
{
	archiveVersion = 1;
	classes = {
	};
	objectVersion = 50;
	objects = {

/* Begin PBXBuildFile section */
		A837C46B243CE36800DADF80 /* AppDelegate.swift in Sources */ = {isa = PBXBuildFile; fileRef = A837C46A243CE36800DADF80 /* AppDelegate.swift */; };
		A837C46D243CE36800DADF80 /* SceneDelegate.swift in Sources */ = {isa = PBXBuildFile; fileRef = A837C46C243CE36800DADF80 /* SceneDelegate.swift */; };
		A837C474243CE36D00DADF80 /* Assets.xcassets in Resources */ = {isa = PBXBuildFile; fileRef = A837C473243CE36D00DADF80 /* Assets.xcassets */; };
		A837C477243CE36D00DADF80 /* LaunchScreen.storyboard in Resources */ = {isa = PBXBuildFile; fileRef = A837C475243CE36D00DADF80 /* LaunchScreen.storyboard */; };
		A837C482243CE36D00DADF80 /* UsersTests.swift in Sources */ = {isa = PBXBuildFile; fileRef = A837C481243CE36D00DADF80 /* UsersTests.swift */; };
		A837C48D243CE36D00DADF80 /* UsersUITests.swift in Sources */ = {isa = PBXBuildFile; fileRef = A837C48C243CE36D00DADF80 /* UsersUITests.swift */; };
		A837C49B243CE3BD00DADF80 /* UserCell.swift in Sources */ = {isa = PBXBuildFile; fileRef = A837C49A243CE3BD00DADF80 /* UserCell.swift */; };
		A837C49D243CE3D900DADF80 /* TableViewController.swift in Sources */ = {isa = PBXBuildFile; fileRef = A837C49C243CE3D900DADF80 /* TableViewController.swift */; };
		A837C49F243CE41800DADF80 /* TabBarController.swift in Sources */ = {isa = PBXBuildFile; fileRef = A837C49E243CE41800DADF80 /* TabBarController.swift */; };
		A837C4A1243CE44900DADF80 /* SampleScreen.swift in Sources */ = {isa = PBXBuildFile; fileRef = A837C4A0243CE44900DADF80 /* SampleScreen.swift */; };
		A837C4A3243CE46000DADF80 /* Networking.swift in Sources */ = {isa = PBXBuildFile; fileRef = A837C4A2243CE46000DADF80 /* Networking.swift */; };
		A837C4A5243CE47E00DADF80 /* Users.swift in Sources */ = {isa = PBXBuildFile; fileRef = A837C4A4243CE47E00DADF80 /* Users.swift */; };
/* End PBXBuildFile section */

/* Begin PBXContainerItemProxy section */
		A837C47E243CE36D00DADF80 /* PBXContainerItemProxy */ = {
			isa = PBXContainerItemProxy;
			containerPortal = A837C45F243CE36800DADF80 /* Project object */;
			proxyType = 1;
			remoteGlobalIDString = A837C466243CE36800DADF80;
			remoteInfo = Users;
		};
		A837C489243CE36D00DADF80 /* PBXContainerItemProxy */ = {
			isa = PBXContainerItemProxy;
			containerPortal = A837C45F243CE36800DADF80 /* Project object */;
			proxyType = 1;
			remoteGlobalIDString = A837C466243CE36800DADF80;
			remoteInfo = Users;
		};
/* End PBXContainerItemProxy section */

/* Begin PBXFileReference section */
		A837C467243CE36800DADF80 /* Users.app */ = {isa = PBXFileReference; explicitFileType = wrapper.application; includeInIndex = 0; path = Users.app; sourceTree = BUILT_PRODUCTS_DIR; };
		A837C46A243CE36800DADF80 /* AppDelegate.swift */ = {isa = PBXFileReference; lastKnownFileType = sourcecode.swift; path = AppDelegate.swift; sourceTree = "<group>"; };
		A837C46C243CE36800DADF80 /* SceneDelegate.swift */ = {isa = PBXFileReference; lastKnownFileType = sourcecode.swift; path = SceneDelegate.swift; sourceTree = "<group>"; };
		A837C473243CE36D00DADF80 /* Assets.xcassets */ = {isa = PBXFileReference; lastKnownFileType = folder.assetcatalog; path = Assets.xcassets; sourceTree = "<group>"; };
		A837C476243CE36D00DADF80 /* Base */ = {isa = PBXFileReference; lastKnownFileType = file.storyboard; name = Base; path = Base.lproj/LaunchScreen.storyboard; sourceTree = "<group>"; };
		A837C478243CE36D00DADF80 /* Info.plist */ = {isa = PBXFileReference; lastKnownFileType = text.plist.xml; path = Info.plist; sourceTree = "<group>"; };
		A837C47D243CE36D00DADF80 /* UsersTests.xctest */ = {isa = PBXFileReference; explicitFileType = wrapper.cfbundle; includeInIndex = 0; path = UsersTests.xctest; sourceTree = BUILT_PRODUCTS_DIR; };
		A837C481243CE36D00DADF80 /* UsersTests.swift */ = {isa = PBXFileReference; lastKnownFileType = sourcecode.swift; path = UsersTests.swift; sourceTree = "<group>"; };
		A837C483243CE36D00DADF80 /* Info.plist */ = {isa = PBXFileReference; lastKnownFileType = text.plist.xml; path = Info.plist; sourceTree = "<group>"; };
		A837C488243CE36D00DADF80 /* UsersUITests.xctest */ = {isa = PBXFileReference; explicitFileType = wrapper.cfbundle; includeInIndex = 0; path = UsersUITests.xctest; sourceTree = BUILT_PRODUCTS_DIR; };
		A837C48C243CE36D00DADF80 /* UsersUITests.swift */ = {isa = PBXFileReference; lastKnownFileType = sourcecode.swift; path = UsersUITests.swift; sourceTree = "<group>"; };
		A837C48E243CE36D00DADF80 /* Info.plist */ = {isa = PBXFileReference; lastKnownFileType = text.plist.xml; path = Info.plist; sourceTree = "<group>"; };
		A837C49A243CE3BD00DADF80 /* UserCell.swift */ = {isa = PBXFileReference; lastKnownFileType = sourcecode.swift; path = UserCell.swift; sourceTree = "<group>"; };
		A837C49C243CE3D900DADF80 /* TableViewController.swift */ = {isa = PBXFileReference; lastKnownFileType = sourcecode.swift; path = TableViewController.swift; sourceTree = "<group>"; };
		A837C49E243CE41800DADF80 /* TabBarController.swift */ = {isa = PBXFileReference; lastKnownFileType = sourcecode.swift; path = TabBarController.swift; sourceTree = "<group>"; };
		A837C4A0243CE44900DADF80 /* SampleScreen.swift */ = {isa = PBXFileReference; lastKnownFileType = sourcecode.swift; path = SampleScreen.swift; sourceTree = "<group>"; };
		A837C4A2243CE46000DADF80 /* Networking.swift */ = {isa = PBXFileReference; lastKnownFileType = sourcecode.swift; path = Networking.swift; sourceTree = "<group>"; };
		A837C4A4243CE47E00DADF80 /* Users.swift */ = {isa = PBXFileReference; lastKnownFileType = sourcecode.swift; path = Users.swift; sourceTree = "<group>"; };
/* End PBXFileReference section */

/* Begin PBXFrameworksBuildPhase section */
		A837C464243CE36800DADF80 /* Frameworks */ = {
			isa = PBXFrameworksBuildPhase;
			buildActionMask = 2147483647;
			files = (
			);
			runOnlyForDeploymentPostprocessing = 0;
		};
		A837C47A243CE36D00DADF80 /* Frameworks */ = {
			isa = PBXFrameworksBuildPhase;
			buildActionMask = 2147483647;
			files = (
			);
			runOnlyForDeploymentPostprocessing = 0;
		};
		A837C485243CE36D00DADF80 /* Frameworks */ = {
			isa = PBXFrameworksBuildPhase;
			buildActionMask = 2147483647;
			files = (
			);
			runOnlyForDeploymentPostprocessing = 0;
		};
/* End PBXFrameworksBuildPhase section */

/* Begin PBXGroup section */
		A837C45E243CE36800DADF80 = {
			isa = PBXGroup;
			children = (
				A837C469243CE36800DADF80 /* Users */,
				A837C480243CE36D00DADF80 /* UsersTests */,
				A837C48B243CE36D00DADF80 /* UsersUITests */,
				A837C468243CE36800DADF80 /* Products */,
			);
			sourceTree = "<group>";
		};
		A837C468243CE36800DADF80 /* Products */ = {
			isa = PBXGroup;
			children = (
				A837C467243CE36800DADF80 /* Users.app */,
				A837C47D243CE36D00DADF80 /* UsersTests.xctest */,
				A837C488243CE36D00DADF80 /* UsersUITests.xctest */,
			);
			name = Products;
			sourceTree = "<group>";
		};
		A837C469243CE36800DADF80 /* Users */ = {
			isa = PBXGroup;
			children = (
				A837C4A2243CE46000DADF80 /* Networking.swift */,
				A837C46A243CE36800DADF80 /* AppDelegate.swift */,
				A837C4A0243CE44900DADF80 /* SampleScreen.swift */,
				A837C49E243CE41800DADF80 /* TabBarController.swift */,
				A837C49C243CE3D900DADF80 /* TableViewController.swift */,
				A837C46C243CE36800DADF80 /* SceneDelegate.swift */,
				A837C49A243CE3BD00DADF80 /* UserCell.swift */,
				A837C4A4243CE47E00DADF80 /* Users.swift */,
				A837C473243CE36D00DADF80 /* Assets.xcassets */,
				A837C475243CE36D00DADF80 /* LaunchScreen.storyboard */,
				A837C478243CE36D00DADF80 /* Info.plist */,
			);
			path = Users;
			sourceTree = "<group>";
		};
		A837C480243CE36D00DADF80 /* UsersTests */ = {
			isa = PBXGroup;
			children = (
				A837C481243CE36D00DADF80 /* UsersTests.swift */,
				A837C483243CE36D00DADF80 /* Info.plist */,
			);
			path = UsersTests;
			sourceTree = "<group>";
		};
		A837C48B243CE36D00DADF80 /* UsersUITests */ = {
			isa = PBXGroup;
			children = (
				A837C48C243CE36D00DADF80 /* UsersUITests.swift */,
				A837C48E243CE36D00DADF80 /* Info.plist */,
			);
			path = UsersUITests;
			sourceTree = "<group>";
		};
/* End PBXGroup section */

/* Begin PBXNativeTarget section */
		A837C466243CE36800DADF80 /* Users */ = {
			isa = PBXNativeTarget;
			buildConfigurationList = A837C491243CE36D00DADF80 /* Build configuration list for PBXNativeTarget "Users" */;
			buildPhases = (
				A837C463243CE36800DADF80 /* Sources */,
				A837C464243CE36800DADF80 /* Frameworks */,
				A837C465243CE36800DADF80 /* Resources */,
			);
			buildRules = (
			);
			dependencies = (
			);
			name = Users;
			productName = Users;
			productReference = A837C467243CE36800DADF80 /* Users.app */;
			productType = "com.apple.product-type.application";
		};
		A837C47C243CE36D00DADF80 /* UsersTests */ = {
			isa = PBXNativeTarget;
			buildConfigurationList = A837C494243CE36D00DADF80 /* Build configuration list for PBXNativeTarget "UsersTests" */;
			buildPhases = (
				A837C479243CE36D00DADF80 /* Sources */,
				A837C47A243CE36D00DADF80 /* Frameworks */,
				A837C47B243CE36D00DADF80 /* Resources */,
			);
			buildRules = (
			);
			dependencies = (
				A837C47F243CE36D00DADF80 /* PBXTargetDependency */,
			);
			name = UsersTests;
			productName = UsersTests;
			productReference = A837C47D243CE36D00DADF80 /* UsersTests.xctest */;
			productType = "com.apple.product-type.bundle.unit-test";
		};
		A837C487243CE36D00DADF80 /* UsersUITests */ = {
			isa = PBXNativeTarget;
			buildConfigurationList = A837C497243CE36D00DADF80 /* Build configuration list for PBXNativeTarget "UsersUITests" */;
			buildPhases = (
				A837C484243CE36D00DADF80 /* Sources */,
				A837C485243CE36D00DADF80 /* Frameworks */,
				A837C486243CE36D00DADF80 /* Resources */,
			);
			buildRules = (
			);
			dependencies = (
				A837C48A243CE36D00DADF80 /* PBXTargetDependency */,
			);
			name = UsersUITests;
			productName = UsersUITests;
			productReference = A837C488243CE36D00DADF80 /* UsersUITests.xctest */;
			productType = "com.apple.product-type.bundle.ui-testing";
		};
/* End PBXNativeTarget section */

/* Begin PBXProject section */
		A837C45F243CE36800DADF80 /* Project object */ = {
			isa = PBXProject;
			attributes = {
				LastSwiftUpdateCheck = 1140;
				LastUpgradeCheck = 1140;
				ORGANIZATIONNAME = "Dhruvik Chevli";
				TargetAttributes = {
					A837C466243CE36800DADF80 = {
						CreatedOnToolsVersion = 11.4;
					};
					A837C47C243CE36D00DADF80 = {
						CreatedOnToolsVersion = 11.4;
						TestTargetID = A837C466243CE36800DADF80;
					};
					A837C487243CE36D00DADF80 = {
						CreatedOnToolsVersion = 11.4;
						TestTargetID = A837C466243CE36800DADF80;
					};
				};
			};
			buildConfigurationList = A837C462243CE36800DADF80 /* Build configuration list for PBXProject "Users" */;
			compatibilityVersion = "Xcode 9.3";
			developmentRegion = en;
			hasScannedForEncodings = 0;
			knownRegions = (
				en,
				Base,
			);
			mainGroup = A837C45E243CE36800DADF80;
			productRefGroup = A837C468243CE36800DADF80 /* Products */;
			projectDirPath = "";
			projectRoot = "";
			targets = (
				A837C466243CE36800DADF80 /* Users */,
				A837C47C243CE36D00DADF80 /* UsersTests */,
				A837C487243CE36D00DADF80 /* UsersUITests */,
			);
		};
/* End PBXProject section */

/* Begin PBXResourcesBuildPhase section */
		A837C465243CE36800DADF80 /* Resources */ = {
			isa = PBXResourcesBuildPhase;
			buildActionMask = 2147483647;
			files = (
				A837C477243CE36D00DADF80 /* LaunchScreen.storyboard in Resources */,
				A837C474243CE36D00DADF80 /* Assets.xcassets in Resources */,
			);
			runOnlyForDeploymentPostprocessing = 0;
		};
		A837C47B243CE36D00DADF80 /* Resources */ = {
			isa = PBXResourcesBuildPhase;
			buildActionMask = 2147483647;
			files = (
			);
			runOnlyForDeploymentPostprocessing = 0;
		};
		A837C486243CE36D00DADF80 /* Resources */ = {
			isa = PBXResourcesBuildPhase;
			buildActionMask = 2147483647;
			files = (
			);
			runOnlyForDeploymentPostprocessing = 0;
		};
/* End PBXResourcesBuildPhase section */

/* Begin PBXSourcesBuildPhase section */
		A837C463243CE36800DADF80 /* Sources */ = {
			isa = PBXSourcesBuildPhase;
			buildActionMask = 2147483647;
			files = (
				A837C4A5243CE47E00DADF80 /* Users.swift in Sources */,
				A837C49B243CE3BD00DADF80 /* UserCell.swift in Sources */,
				A837C46B243CE36800DADF80 /* AppDelegate.swift in Sources */,
				A837C46D243CE36800DADF80 /* SceneDelegate.swift in Sources */,
				A837C49F243CE41800DADF80 /* TabBarController.swift in Sources */,
				A837C49D243CE3D900DADF80 /* TableViewController.swift in Sources */,
				A837C4A1243CE44900DADF80 /* SampleScreen.swift in Sources */,
				A837C4A3243CE46000DADF80 /* Networking.swift in Sources */,
			);
			runOnlyForDeploymentPostprocessing = 0;
		};
		A837C479243CE36D00DADF80 /* Sources */ = {
			isa = PBXSourcesBuildPhase;
			buildActionMask = 2147483647;
			files = (
				A837C482243CE36D00DADF80 /* UsersTests.swift in Sources */,
			);
			runOnlyForDeploymentPostprocessing = 0;
		};
		A837C484243CE36D00DADF80 /* Sources */ = {
			isa = PBXSourcesBuildPhase;
			buildActionMask = 2147483647;
			files = (
				A837C48D243CE36D00DADF80 /* UsersUITests.swift in Sources */,
			);
			runOnlyForDeploymentPostprocessing = 0;
		};
/* End PBXSourcesBuildPhase section */

/* Begin PBXTargetDependency section */
		A837C47F243CE36D00DADF80 /* PBXTargetDependency */ = {
			isa = PBXTargetDependency;
			target = A837C466243CE36800DADF80 /* Users */;
			targetProxy = A837C47E243CE36D00DADF80 /* PBXContainerItemProxy */;
		};
		A837C48A243CE36D00DADF80 /* PBXTargetDependency */ = {
			isa = PBXTargetDependency;
			target = A837C466243CE36800DADF80 /* Users */;
			targetProxy = A837C489243CE36D00DADF80 /* PBXContainerItemProxy */;
		};
/* End PBXTargetDependency section */

/* Begin PBXVariantGroup section */
		A837C475243CE36D00DADF80 /* LaunchScreen.storyboard */ = {
			isa = PBXVariantGroup;
			children = (
				A837C476243CE36D00DADF80 /* Base */,
			);
			name = LaunchScreen.storyboard;
			sourceTree = "<group>";
		};
/* End PBXVariantGroup section */

/* Begin XCBuildConfiguration section */
		A837C48F243CE36D00DADF80 /* Debug */ = {
			isa = XCBuildConfiguration;
			buildSettings = {
				ALWAYS_SEARCH_USER_PATHS = NO;
				CLANG_ANALYZER_NONNULL = YES;
				CLANG_ANALYZER_NUMBER_OBJECT_CONVERSION = YES_AGGRESSIVE;
				CLANG_CXX_LANGUAGE_STANDARD = "gnu++14";
				CLANG_CXX_LIBRARY = "libc++";
				CLANG_ENABLE_MODULES = YES;
				CLANG_ENABLE_OBJC_ARC = YES;
				CLANG_ENABLE_OBJC_WEAK = YES;
				CLANG_WARN_BLOCK_CAPTURE_AUTORELEASING = YES;
				CLANG_WARN_BOOL_CONVERSION = YES;
				CLANG_WARN_COMMA = YES;
				CLANG_WARN_CONSTANT_CONVERSION = YES;
				CLANG_WARN_DEPRECATED_OBJC_IMPLEMENTATIONS = YES;
				CLANG_WARN_DIRECT_OBJC_ISA_USAGE = YES_ERROR;
				CLANG_WARN_DOCUMENTATION_COMMENTS = YES;
				CLANG_WARN_EMPTY_BODY = YES;
				CLANG_WARN_ENUM_CONVERSION = YES;
				CLANG_WARN_INFINITE_RECURSION = YES;
				CLANG_WARN_INT_CONVERSION = YES;
				CLANG_WARN_NON_LITERAL_NULL_CONVERSION = YES;
				CLANG_WARN_OBJC_IMPLICIT_RETAIN_SELF = YES;
				CLANG_WARN_OBJC_LITERAL_CONVERSION = YES;
				CLANG_WARN_OBJC_ROOT_CLASS = YES_ERROR;
				CLANG_WARN_RANGE_LOOP_ANALYSIS = YES;
				CLANG_WARN_STRICT_PROTOTYPES = YES;
				CLANG_WARN_SUSPICIOUS_MOVE = YES;
				CLANG_WARN_UNGUARDED_AVAILABILITY = YES_AGGRESSIVE;
				CLANG_WARN_UNREACHABLE_CODE = YES;
				CLANG_WARN__DUPLICATE_METHOD_MATCH = YES;
				COPY_PHASE_STRIP = NO;
				DEBUG_INFORMATION_FORMAT = dwarf;
				ENABLE_STRICT_OBJC_MSGSEND = YES;
				ENABLE_TESTABILITY = YES;
				GCC_C_LANGUAGE_STANDARD = gnu11;
				GCC_DYNAMIC_NO_PIC = NO;
				GCC_NO_COMMON_BLOCKS = YES;
				GCC_OPTIMIZATION_LEVEL = 0;
				GCC_PREPROCESSOR_DEFINITIONS = (
					"DEBUG=1",
					"$(inherited)",
				);
				GCC_WARN_64_TO_32_BIT_CONVERSION = YES;
				GCC_WARN_ABOUT_RETURN_TYPE = YES_ERROR;
				GCC_WARN_UNDECLARED_SELECTOR = YES;
				GCC_WARN_UNINITIALIZED_AUTOS = YES_AGGRESSIVE;
				GCC_WARN_UNUSED_FUNCTION = YES;
				GCC_WARN_UNUSED_VARIABLE = YES;
				IPHONEOS_DEPLOYMENT_TARGET = 13.4;
				MTL_ENABLE_DEBUG_INFO = INCLUDE_SOURCE;
				MTL_FAST_MATH = YES;
				ONLY_ACTIVE_ARCH = YES;
				SDKROOT = iphoneos;
				SWIFT_ACTIVE_COMPILATION_CONDITIONS = DEBUG;
				SWIFT_OPTIMIZATION_LEVEL = "-Onone";
			};
			name = Debug;
		};
		A837C490243CE36D00DADF80 /* Release */ = {
			isa = XCBuildConfiguration;
			buildSettings = {
				ALWAYS_SEARCH_USER_PATHS = NO;
				CLANG_ANALYZER_NONNULL = YES;
				CLANG_ANALYZER_NUMBER_OBJECT_CONVERSION = YES_AGGRESSIVE;
				CLANG_CXX_LANGUAGE_STANDARD = "gnu++14";
				CLANG_CXX_LIBRARY = "libc++";
				CLANG_ENABLE_MODULES = YES;
				CLANG_ENABLE_OBJC_ARC = YES;
				CLANG_ENABLE_OBJC_WEAK = YES;
				CLANG_WARN_BLOCK_CAPTURE_AUTORELEASING = YES;
				CLANG_WARN_BOOL_CONVERSION = YES;
				CLANG_WARN_COMMA = YES;
				CLANG_WARN_CONSTANT_CONVERSION = YES;
				CLANG_WARN_DEPRECATED_OBJC_IMPLEMENTATIONS = YES;
				CLANG_WARN_DIRECT_OBJC_ISA_USAGE = YES_ERROR;
				CLANG_WARN_DOCUMENTATION_COMMENTS = YES;
				CLANG_WARN_EMPTY_BODY = YES;
				CLANG_WARN_ENUM_CONVERSION = YES;
				CLANG_WARN_INFINITE_RECURSION = YES;
				CLANG_WARN_INT_CONVERSION = YES;
				CLANG_WARN_NON_LITERAL_NULL_CONVERSION = YES;
				CLANG_WARN_OBJC_IMPLICIT_RETAIN_SELF = YES;
				CLANG_WARN_OBJC_LITERAL_CONVERSION = YES;
				CLANG_WARN_OBJC_ROOT_CLASS = YES_ERROR;
				CLANG_WARN_RANGE_LOOP_ANALYSIS = YES;
				CLANG_WARN_STRICT_PROTOTYPES = YES;
				CLANG_WARN_SUSPICIOUS_MOVE = YES;
				CLANG_WARN_UNGUARDED_AVAILABILITY = YES_AGGRESSIVE;
				CLANG_WARN_UNREACHABLE_CODE = YES;
				CLANG_WARN__DUPLICATE_METHOD_MATCH = YES;
				COPY_PHASE_STRIP = NO;
				DEBUG_INFORMATION_FORMAT = "dwarf-with-dsym";
				ENABLE_NS_ASSERTIONS = NO;
				ENABLE_STRICT_OBJC_MSGSEND = YES;
				GCC_C_LANGUAGE_STANDARD = gnu11;
				GCC_NO_COMMON_BLOCKS = YES;
				GCC_WARN_64_TO_32_BIT_CONVERSION = YES;
				GCC_WARN_ABOUT_RETURN_TYPE = YES_ERROR;
				GCC_WARN_UNDECLARED_SELECTOR = YES;
				GCC_WARN_UNINITIALIZED_AUTOS = YES_AGGRESSIVE;
				GCC_WARN_UNUSED_FUNCTION = YES;
				GCC_WARN_UNUSED_VARIABLE = YES;
				IPHONEOS_DEPLOYMENT_TARGET = 13.4;
				MTL_ENABLE_DEBUG_INFO = NO;
				MTL_FAST_MATH = YES;
				SDKROOT = iphoneos;
				SWIFT_COMPILATION_MODE = wholemodule;
				SWIFT_OPTIMIZATION_LEVEL = "-O";
				VALIDATE_PRODUCT = YES;
			};
			name = Release;
		};
		A837C492243CE36D00DADF80 /* Debug */ = {
			isa = XCBuildConfiguration;
			buildSettings = {
				ASSETCATALOG_COMPILER_APPICON_NAME = AppIcon;
				CODE_SIGN_STYLE = Automatic;
				INFOPLIST_FILE = Users/Info.plist;
				LD_RUNPATH_SEARCH_PATHS = (
					"$(inherited)",
					"@executable_path/Frameworks",
				);
				PRODUCT_BUNDLE_IDENTIFIER = "dhruvik-chevli.Users";
				PRODUCT_NAME = "$(TARGET_NAME)";
				SWIFT_VERSION = 5.0;
				TARGETED_DEVICE_FAMILY = "1,2";
			};
			name = Debug;
		};
		A837C493243CE36D00DADF80 /* Release */ = {
			isa = XCBuildConfiguration;
			buildSettings = {
				ASSETCATALOG_COMPILER_APPICON_NAME = AppIcon;
				CODE_SIGN_STYLE = Automatic;
				INFOPLIST_FILE = Users/Info.plist;
				LD_RUNPATH_SEARCH_PATHS = (
					"$(inherited)",
					"@executable_path/Frameworks",
				);
				PRODUCT_BUNDLE_IDENTIFIER = "dhruvik-chevli.Users";
				PRODUCT_NAME = "$(TARGET_NAME)";
				SWIFT_VERSION = 5.0;
				TARGETED_DEVICE_FAMILY = "1,2";
			};
			name = Release;
		};
		A837C495243CE36D00DADF80 /* Debug */ = {
			isa = XCBuildConfiguration;
			buildSettings = {
				ALWAYS_EMBED_SWIFT_STANDARD_LIBRARIES = YES;
				BUNDLE_LOADER = "$(TEST_HOST)";
				CODE_SIGN_STYLE = Automatic;
				INFOPLIST_FILE = UsersTests/Info.plist;
				IPHONEOS_DEPLOYMENT_TARGET = 13.4;
				LD_RUNPATH_SEARCH_PATHS = (
					"$(inherited)",
					"@executable_path/Frameworks",
					"@loader_path/Frameworks",
				);
				PRODUCT_BUNDLE_IDENTIFIER = "dhruvik-chevli.UsersTests";
				PRODUCT_NAME = "$(TARGET_NAME)";
				SWIFT_VERSION = 5.0;
				TARGETED_DEVICE_FAMILY = "1,2";
				TEST_HOST = "$(BUILT_PRODUCTS_DIR)/Users.app/Users";
			};
			name = Debug;
		};
		A837C496243CE36D00DADF80 /* Release */ = {
			isa = XCBuildConfiguration;
			buildSettings = {
				ALWAYS_EMBED_SWIFT_STANDARD_LIBRARIES = YES;
				BUNDLE_LOADER = "$(TEST_HOST)";
				CODE_SIGN_STYLE = Automatic;
				INFOPLIST_FILE = UsersTests/Info.plist;
				IPHONEOS_DEPLOYMENT_TARGET = 13.4;
				LD_RUNPATH_SEARCH_PATHS = (
					"$(inherited)",
					"@executable_path/Frameworks",
					"@loader_path/Frameworks",
				);
				PRODUCT_BUNDLE_IDENTIFIER = "dhruvik-chevli.UsersTests";
				PRODUCT_NAME = "$(TARGET_NAME)";
				SWIFT_VERSION = 5.0;
				TARGETED_DEVICE_FAMILY = "1,2";
				TEST_HOST = "$(BUILT_PRODUCTS_DIR)/Users.app/Users";
			};
			name = Release;
		};
		A837C498243CE36D00DADF80 /* Debug */ = {
			isa = XCBuildConfiguration;
			buildSettings = {
				ALWAYS_EMBED_SWIFT_STANDARD_LIBRARIES = YES;
				CODE_SIGN_STYLE = Automatic;
				INFOPLIST_FILE = UsersUITests/Info.plist;
				LD_RUNPATH_SEARCH_PATHS = (
					"$(inherited)",
					"@executable_path/Frameworks",
					"@loader_path/Frameworks",
				);
				PRODUCT_BUNDLE_IDENTIFIER = "dhruvik-chevli.UsersUITests";
				PRODUCT_NAME = "$(TARGET_NAME)";
				SWIFT_VERSION = 5.0;
				TARGETED_DEVICE_FAMILY = "1,2";
				TEST_TARGET_NAME = Users;
			};
			name = Debug;
		};
		A837C499243CE36D00DADF80 /* Release */ = {
			isa = XCBuildConfiguration;
			buildSettings = {
				ALWAYS_EMBED_SWIFT_STANDARD_LIBRARIES = YES;
				CODE_SIGN_STYLE = Automatic;
				INFOPLIST_FILE = UsersUITests/Info.plist;
				LD_RUNPATH_SEARCH_PATHS = (
					"$(inherited)",
					"@executable_path/Frameworks",
					"@loader_path/Frameworks",
				);
				PRODUCT_BUNDLE_IDENTIFIER = "dhruvik-chevli.UsersUITests";
				PRODUCT_NAME = "$(TARGET_NAME)";
				SWIFT_VERSION = 5.0;
				TARGETED_DEVICE_FAMILY = "1,2";
				TEST_TARGET_NAME = Users;
			};
			name = Release;
		};
/* End XCBuildConfiguration section */

/* Begin XCConfigurationList section */
		A837C462243CE36800DADF80 /* Build configuration list for PBXProject "Users" */ = {
			isa = XCConfigurationList;
			buildConfigurations = (
				A837C48F243CE36D00DADF80 /* Debug */,
				A837C490243CE36D00DADF80 /* Release */,
			);
			defaultConfigurationIsVisible = 0;
			defaultConfigurationName = Release;
		};
		A837C491243CE36D00DADF80 /* Build configuration list for PBXNativeTarget "Users" */ = {
			isa = XCConfigurationList;
			buildConfigurations = (
				A837C492243CE36D00DADF80 /* Debug */,
				A837C493243CE36D00DADF80 /* Release */,
			);
			defaultConfigurationIsVisible = 0;
			defaultConfigurationName = Release;
		};
		A837C494243CE36D00DADF80 /* Build configuration list for PBXNativeTarget "UsersTests" */ = {
			isa = XCConfigurationList;
			buildConfigurations = (
				A837C495243CE36D00DADF80 /* Debug */,
				A837C496243CE36D00DADF80 /* Release */,
			);
			defaultConfigurationIsVisible = 0;
			defaultConfigurationName = Release;
		};
		A837C497243CE36D00DADF80 /* Build configuration list for PBXNativeTarget "UsersUITests" */ = {
			isa = XCConfigurationList;
			buildConfigurations = (
				A837C498243CE36D00DADF80 /* Debug */,
				A837C499243CE36D00DADF80 /* Release */,
			);
			defaultConfigurationIsVisible = 0;
			defaultConfigurationName = Release;
		};
/* End XCConfigurationList section */
	};
	rootObject = A837C45F243CE36800DADF80 /* Project object */;
}
