// !$*UTF8*$!
{
	archiveVersion = 1;
	classes = {
	};
	objectVersion = 50;
	objects = {

/* Begin PBXBuildFile section */
		A85BEEC8243A36D20006C262 /* AppDelegate.swift in Sources */ = {isa = PBXBuildFile; fileRef = A85BEEC7243A36D20006C262 /* AppDelegate.swift */; };
		A85BEECA243A36D20006C262 /* SceneDelegate.swift in Sources */ = {isa = PBXBuildFile; fileRef = A85BEEC9243A36D20006C262 /* SceneDelegate.swift */; };
		A85BEED1243A36D30006C262 /* Assets.xcassets in Resources */ = {isa = PBXBuildFile; fileRef = A85BEED0243A36D30006C262 /* Assets.xcassets */; };
		A85BEED4243A36D30006C262 /* LaunchScreen.storyboard in Resources */ = {isa = PBXBuildFile; fileRef = A85BEED2243A36D30006C262 /* LaunchScreen.storyboard */; };
		A85BEEDF243A36D40006C262 /* UsersTests.swift in Sources */ = {isa = PBXBuildFile; fileRef = A85BEEDE243A36D40006C262 /* UsersTests.swift */; };
		A85BEEEA243A36D40006C262 /* UsersUITests.swift in Sources */ = {isa = PBXBuildFile; fileRef = A85BEEE9243A36D40006C262 /* UsersUITests.swift */; };
		A85BEEF8243A382B0006C262 /* Users.swift in Sources */ = {isa = PBXBuildFile; fileRef = A85BEEF7243A382B0006C262 /* Users.swift */; };
		A85BEEFA243A385B0006C262 /* UserCell.swift in Sources */ = {isa = PBXBuildFile; fileRef = A85BEEF9243A385B0006C262 /* UserCell.swift */; };
		A85BEEFC243A38720006C262 /* TableViewController.swift in Sources */ = {isa = PBXBuildFile; fileRef = A85BEEFB243A38720006C262 /* TableViewController.swift */; };
/* End PBXBuildFile section */

/* Begin PBXContainerItemProxy section */
		A85BEEDB243A36D40006C262 /* PBXContainerItemProxy */ = {
			isa = PBXContainerItemProxy;
			containerPortal = A85BEEBC243A36D10006C262 /* Project object */;
			proxyType = 1;
			remoteGlobalIDString = A85BEEC3243A36D20006C262;
			remoteInfo = Users;
		};
		A85BEEE6243A36D40006C262 /* PBXContainerItemProxy */ = {
			isa = PBXContainerItemProxy;
			containerPortal = A85BEEBC243A36D10006C262 /* Project object */;
			proxyType = 1;
			remoteGlobalIDString = A85BEEC3243A36D20006C262;
			remoteInfo = Users;
		};
/* End PBXContainerItemProxy section */

/* Begin PBXFileReference section */
		A85BEEC4243A36D20006C262 /* Users.app */ = {isa = PBXFileReference; explicitFileType = wrapper.application; includeInIndex = 0; path = Users.app; sourceTree = BUILT_PRODUCTS_DIR; };
		A85BEEC7243A36D20006C262 /* AppDelegate.swift */ = {isa = PBXFileReference; lastKnownFileType = sourcecode.swift; path = AppDelegate.swift; sourceTree = "<group>"; };
		A85BEEC9243A36D20006C262 /* SceneDelegate.swift */ = {isa = PBXFileReference; lastKnownFileType = sourcecode.swift; path = SceneDelegate.swift; sourceTree = "<group>"; };
		A85BEED0243A36D30006C262 /* Assets.xcassets */ = {isa = PBXFileReference; lastKnownFileType = folder.assetcatalog; path = Assets.xcassets; sourceTree = "<group>"; };
		A85BEED3243A36D30006C262 /* Base */ = {isa = PBXFileReference; lastKnownFileType = file.storyboard; name = Base; path = Base.lproj/LaunchScreen.storyboard; sourceTree = "<group>"; };
		A85BEED5243A36D30006C262 /* Info.plist */ = {isa = PBXFileReference; lastKnownFileType = text.plist.xml; path = Info.plist; sourceTree = "<group>"; };
		A85BEEDA243A36D40006C262 /* UsersTests.xctest */ = {isa = PBXFileReference; explicitFileType = wrapper.cfbundle; includeInIndex = 0; path = UsersTests.xctest; sourceTree = BUILT_PRODUCTS_DIR; };
		A85BEEDE243A36D40006C262 /* UsersTests.swift */ = {isa = PBXFileReference; lastKnownFileType = sourcecode.swift; path = UsersTests.swift; sourceTree = "<group>"; };
		A85BEEE0243A36D40006C262 /* Info.plist */ = {isa = PBXFileReference; lastKnownFileType = text.plist.xml; path = Info.plist; sourceTree = "<group>"; };
		A85BEEE5243A36D40006C262 /* UsersUITests.xctest */ = {isa = PBXFileReference; explicitFileType = wrapper.cfbundle; includeInIndex = 0; path = UsersUITests.xctest; sourceTree = BUILT_PRODUCTS_DIR; };
		A85BEEE9243A36D40006C262 /* UsersUITests.swift */ = {isa = PBXFileReference; lastKnownFileType = sourcecode.swift; path = UsersUITests.swift; sourceTree = "<group>"; };
		A85BEEEB243A36D40006C262 /* Info.plist */ = {isa = PBXFileReference; lastKnownFileType = text.plist.xml; path = Info.plist; sourceTree = "<group>"; };
		A85BEEF7243A382B0006C262 /* Users.swift */ = {isa = PBXFileReference; lastKnownFileType = sourcecode.swift; path = Users.swift; sourceTree = "<group>"; };
		A85BEEF9243A385B0006C262 /* UserCell.swift */ = {isa = PBXFileReference; lastKnownFileType = sourcecode.swift; path = UserCell.swift; sourceTree = "<group>"; };
		A85BEEFB243A38720006C262 /* TableViewController.swift */ = {isa = PBXFileReference; lastKnownFileType = sourcecode.swift; path = TableViewController.swift; sourceTree = "<group>"; };
/* End PBXFileReference section */

/* Begin PBXFrameworksBuildPhase section */
		A85BEEC1243A36D20006C262 /* Frameworks */ = {
			isa = PBXFrameworksBuildPhase;
			buildActionMask = 2147483647;
			files = (
			);
			runOnlyForDeploymentPostprocessing = 0;
		};
		A85BEED7243A36D40006C262 /* Frameworks */ = {
			isa = PBXFrameworksBuildPhase;
			buildActionMask = 2147483647;
			files = (
			);
			runOnlyForDeploymentPostprocessing = 0;
		};
		A85BEEE2243A36D40006C262 /* Frameworks */ = {
			isa = PBXFrameworksBuildPhase;
			buildActionMask = 2147483647;
			files = (
			);
			runOnlyForDeploymentPostprocessing = 0;
		};
/* End PBXFrameworksBuildPhase section */

/* Begin PBXGroup section */
		A85BEEBB243A36D10006C262 = {
			isa = PBXGroup;
			children = (
				A85BEEC6243A36D20006C262 /* Users */,
				A85BEEDD243A36D40006C262 /* UsersTests */,
				A85BEEE8243A36D40006C262 /* UsersUITests */,
				A85BEEC5243A36D20006C262 /* Products */,
			);
			sourceTree = "<group>";
		};
		A85BEEC5243A36D20006C262 /* Products */ = {
			isa = PBXGroup;
			children = (
				A85BEEC4243A36D20006C262 /* Users.app */,
				A85BEEDA243A36D40006C262 /* UsersTests.xctest */,
				A85BEEE5243A36D40006C262 /* UsersUITests.xctest */,
			);
			name = Products;
			sourceTree = "<group>";
		};
		A85BEEC6243A36D20006C262 /* Users */ = {
			isa = PBXGroup;
			children = (
				A85BEEC7243A36D20006C262 /* AppDelegate.swift */,
				A85BEEF7243A382B0006C262 /* Users.swift */,
				A85BEEF9243A385B0006C262 /* UserCell.swift */,
				A85BEEFB243A38720006C262 /* TableViewController.swift */,
				A85BEEC9243A36D20006C262 /* SceneDelegate.swift */,
				A85BEED0243A36D30006C262 /* Assets.xcassets */,
				A85BEED2243A36D30006C262 /* LaunchScreen.storyboard */,
				A85BEED5243A36D30006C262 /* Info.plist */,
			);
			path = Users;
			sourceTree = "<group>";
		};
		A85BEEDD243A36D40006C262 /* UsersTests */ = {
			isa = PBXGroup;
			children = (
				A85BEEDE243A36D40006C262 /* UsersTests.swift */,
				A85BEEE0243A36D40006C262 /* Info.plist */,
			);
			path = UsersTests;
			sourceTree = "<group>";
		};
		A85BEEE8243A36D40006C262 /* UsersUITests */ = {
			isa = PBXGroup;
			children = (
				A85BEEE9243A36D40006C262 /* UsersUITests.swift */,
				A85BEEEB243A36D40006C262 /* Info.plist */,
			);
			path = UsersUITests;
			sourceTree = "<group>";
		};
/* End PBXGroup section */

/* Begin PBXNativeTarget section */
		A85BEEC3243A36D20006C262 /* Users */ = {
			isa = PBXNativeTarget;
			buildConfigurationList = A85BEEEE243A36D40006C262 /* Build configuration list for PBXNativeTarget "Users" */;
			buildPhases = (
				A85BEEC0243A36D20006C262 /* Sources */,
				A85BEEC1243A36D20006C262 /* Frameworks */,
				A85BEEC2243A36D20006C262 /* Resources */,
			);
			buildRules = (
			);
			dependencies = (
			);
			name = Users;
			productName = Users;
			productReference = A85BEEC4243A36D20006C262 /* Users.app */;
			productType = "com.apple.product-type.application";
		};
		A85BEED9243A36D40006C262 /* UsersTests */ = {
			isa = PBXNativeTarget;
			buildConfigurationList = A85BEEF1243A36D40006C262 /* Build configuration list for PBXNativeTarget "UsersTests" */;
			buildPhases = (
				A85BEED6243A36D40006C262 /* Sources */,
				A85BEED7243A36D40006C262 /* Frameworks */,
				A85BEED8243A36D40006C262 /* Resources */,
			);
			buildRules = (
			);
			dependencies = (
				A85BEEDC243A36D40006C262 /* PBXTargetDependency */,
			);
			name = UsersTests;
			productName = UsersTests;
			productReference = A85BEEDA243A36D40006C262 /* UsersTests.xctest */;
			productType = "com.apple.product-type.bundle.unit-test";
		};
		A85BEEE4243A36D40006C262 /* UsersUITests */ = {
			isa = PBXNativeTarget;
			buildConfigurationList = A85BEEF4243A36D40006C262 /* Build configuration list for PBXNativeTarget "UsersUITests" */;
			buildPhases = (
				A85BEEE1243A36D40006C262 /* Sources */,
				A85BEEE2243A36D40006C262 /* Frameworks */,
				A85BEEE3243A36D40006C262 /* Resources */,
			);
			buildRules = (
			);
			dependencies = (
				A85BEEE7243A36D40006C262 /* PBXTargetDependency */,
			);
			name = UsersUITests;
			productName = UsersUITests;
			productReference = A85BEEE5243A36D40006C262 /* UsersUITests.xctest */;
			productType = "com.apple.product-type.bundle.ui-testing";
		};
/* End PBXNativeTarget section */

/* Begin PBXProject section */
		A85BEEBC243A36D10006C262 /* Project object */ = {
			isa = PBXProject;
			attributes = {
				LastSwiftUpdateCheck = 1140;
				LastUpgradeCheck = 1140;
				ORGANIZATIONNAME = "Dhruvik Chevli";
				TargetAttributes = {
					A85BEEC3243A36D20006C262 = {
						CreatedOnToolsVersion = 11.4;
					};
					A85BEED9243A36D40006C262 = {
						CreatedOnToolsVersion = 11.4;
						TestTargetID = A85BEEC3243A36D20006C262;
					};
					A85BEEE4243A36D40006C262 = {
						CreatedOnToolsVersion = 11.4;
						TestTargetID = A85BEEC3243A36D20006C262;
					};
				};
			};
			buildConfigurationList = A85BEEBF243A36D10006C262 /* Build configuration list for PBXProject "Users" */;
			compatibilityVersion = "Xcode 9.3";
			developmentRegion = en;
			hasScannedForEncodings = 0;
			knownRegions = (
				en,
				Base,
			);
			mainGroup = A85BEEBB243A36D10006C262;
			productRefGroup = A85BEEC5243A36D20006C262 /* Products */;
			projectDirPath = "";
			projectRoot = "";
			targets = (
				A85BEEC3243A36D20006C262 /* Users */,
				A85BEED9243A36D40006C262 /* UsersTests */,
				A85BEEE4243A36D40006C262 /* UsersUITests */,
			);
		};
/* End PBXProject section */

/* Begin PBXResourcesBuildPhase section */
		A85BEEC2243A36D20006C262 /* Resources */ = {
			isa = PBXResourcesBuildPhase;
			buildActionMask = 2147483647;
			files = (
				A85BEED4243A36D30006C262 /* LaunchScreen.storyboard in Resources */,
				A85BEED1243A36D30006C262 /* Assets.xcassets in Resources */,
			);
			runOnlyForDeploymentPostprocessing = 0;
		};
		A85BEED8243A36D40006C262 /* Resources */ = {
			isa = PBXResourcesBuildPhase;
			buildActionMask = 2147483647;
			files = (
			);
			runOnlyForDeploymentPostprocessing = 0;
		};
		A85BEEE3243A36D40006C262 /* Resources */ = {
			isa = PBXResourcesBuildPhase;
			buildActionMask = 2147483647;
			files = (
			);
			runOnlyForDeploymentPostprocessing = 0;
		};
/* End PBXResourcesBuildPhase section */

/* Begin PBXSourcesBuildPhase section */
		A85BEEC0243A36D20006C262 /* Sources */ = {
			isa = PBXSourcesBuildPhase;
			buildActionMask = 2147483647;
			files = (
				A85BEEFA243A385B0006C262 /* UserCell.swift in Sources */,
				A85BEEC8243A36D20006C262 /* AppDelegate.swift in Sources */,
				A85BEEF8243A382B0006C262 /* Users.swift in Sources */,
				A85BEEFC243A38720006C262 /* TableViewController.swift in Sources */,
				A85BEECA243A36D20006C262 /* SceneDelegate.swift in Sources */,
			);
			runOnlyForDeploymentPostprocessing = 0;
		};
		A85BEED6243A36D40006C262 /* Sources */ = {
			isa = PBXSourcesBuildPhase;
			buildActionMask = 2147483647;
			files = (
				A85BEEDF243A36D40006C262 /* UsersTests.swift in Sources */,
			);
			runOnlyForDeploymentPostprocessing = 0;
		};
		A85BEEE1243A36D40006C262 /* Sources */ = {
			isa = PBXSourcesBuildPhase;
			buildActionMask = 2147483647;
			files = (
				A85BEEEA243A36D40006C262 /* UsersUITests.swift in Sources */,
			);
			runOnlyForDeploymentPostprocessing = 0;
		};
/* End PBXSourcesBuildPhase section */

/* Begin PBXTargetDependency section */
		A85BEEDC243A36D40006C262 /* PBXTargetDependency */ = {
			isa = PBXTargetDependency;
			target = A85BEEC3243A36D20006C262 /* Users */;
			targetProxy = A85BEEDB243A36D40006C262 /* PBXContainerItemProxy */;
		};
		A85BEEE7243A36D40006C262 /* PBXTargetDependency */ = {
			isa = PBXTargetDependency;
			target = A85BEEC3243A36D20006C262 /* Users */;
			targetProxy = A85BEEE6243A36D40006C262 /* PBXContainerItemProxy */;
		};
/* End PBXTargetDependency section */

/* Begin PBXVariantGroup section */
		A85BEED2243A36D30006C262 /* LaunchScreen.storyboard */ = {
			isa = PBXVariantGroup;
			children = (
				A85BEED3243A36D30006C262 /* Base */,
			);
			name = LaunchScreen.storyboard;
			sourceTree = "<group>";
		};
/* End PBXVariantGroup section */

/* Begin XCBuildConfiguration section */
		A85BEEEC243A36D40006C262 /* Debug */ = {
			isa = XCBuildConfiguration;
			buildSettings = {
				ALWAYS_SEARCH_USER_PATHS = NO;
				CLANG_ANALYZER_NONNULL = YES;
				CLANG_ANALYZER_NUMBER_OBJECT_CONVERSION = YES_AGGRESSIVE;
				CLANG_CXX_LANGUAGE_STANDARD = "gnu++14";
				CLANG_CXX_LIBRARY = "libc++";
				CLANG_ENABLE_MODULES = YES;
				CLANG_ENABLE_OBJC_ARC = YES;
				CLANG_ENABLE_OBJC_WEAK = YES;
				CLANG_WARN_BLOCK_CAPTURE_AUTORELEASING = YES;
				CLANG_WARN_BOOL_CONVERSION = YES;
				CLANG_WARN_COMMA = YES;
				CLANG_WARN_CONSTANT_CONVERSION = YES;
				CLANG_WARN_DEPRECATED_OBJC_IMPLEMENTATIONS = YES;
				CLANG_WARN_DIRECT_OBJC_ISA_USAGE = YES_ERROR;
				CLANG_WARN_DOCUMENTATION_COMMENTS = YES;
				CLANG_WARN_EMPTY_BODY = YES;
				CLANG_WARN_ENUM_CONVERSION = YES;
				CLANG_WARN_INFINITE_RECURSION = YES;
				CLANG_WARN_INT_CONVERSION = YES;
				CLANG_WARN_NON_LITERAL_NULL_CONVERSION = YES;
				CLANG_WARN_OBJC_IMPLICIT_RETAIN_SELF = YES;
				CLANG_WARN_OBJC_LITERAL_CONVERSION = YES;
				CLANG_WARN_OBJC_ROOT_CLASS = YES_ERROR;
				CLANG_WARN_RANGE_LOOP_ANALYSIS = YES;
				CLANG_WARN_STRICT_PROTOTYPES = YES;
				CLANG_WARN_SUSPICIOUS_MOVE = YES;
				CLANG_WARN_UNGUARDED_AVAILABILITY = YES_AGGRESSIVE;
				CLANG_WARN_UNREACHABLE_CODE = YES;
				CLANG_WARN__DUPLICATE_METHOD_MATCH = YES;
				COPY_PHASE_STRIP = NO;
				DEBUG_INFORMATION_FORMAT = dwarf;
				ENABLE_STRICT_OBJC_MSGSEND = YES;
				ENABLE_TESTABILITY = YES;
				GCC_C_LANGUAGE_STANDARD = gnu11;
				GCC_DYNAMIC_NO_PIC = NO;
				GCC_NO_COMMON_BLOCKS = YES;
				GCC_OPTIMIZATION_LEVEL = 0;
				GCC_PREPROCESSOR_DEFINITIONS = (
					"DEBUG=1",
					"$(inherited)",
				);
				GCC_WARN_64_TO_32_BIT_CONVERSION = YES;
				GCC_WARN_ABOUT_RETURN_TYPE = YES_ERROR;
				GCC_WARN_UNDECLARED_SELECTOR = YES;
				GCC_WARN_UNINITIALIZED_AUTOS = YES_AGGRESSIVE;
				GCC_WARN_UNUSED_FUNCTION = YES;
				GCC_WARN_UNUSED_VARIABLE = YES;
				IPHONEOS_DEPLOYMENT_TARGET = 13.4;
				MTL_ENABLE_DEBUG_INFO = INCLUDE_SOURCE;
				MTL_FAST_MATH = YES;
				ONLY_ACTIVE_ARCH = YES;
				SDKROOT = iphoneos;
				SWIFT_ACTIVE_COMPILATION_CONDITIONS = DEBUG;
				SWIFT_OPTIMIZATION_LEVEL = "-Onone";
			};
			name = Debug;
		};
		A85BEEED243A36D40006C262 /* Release */ = {
			isa = XCBuildConfiguration;
			buildSettings = {
				ALWAYS_SEARCH_USER_PATHS = NO;
				CLANG_ANALYZER_NONNULL = YES;
				CLANG_ANALYZER_NUMBER_OBJECT_CONVERSION = YES_AGGRESSIVE;
				CLANG_CXX_LANGUAGE_STANDARD = "gnu++14";
				CLANG_CXX_LIBRARY = "libc++";
				CLANG_ENABLE_MODULES = YES;
				CLANG_ENABLE_OBJC_ARC = YES;
				CLANG_ENABLE_OBJC_WEAK = YES;
				CLANG_WARN_BLOCK_CAPTURE_AUTORELEASING = YES;
				CLANG_WARN_BOOL_CONVERSION = YES;
				CLANG_WARN_COMMA = YES;
				CLANG_WARN_CONSTANT_CONVERSION = YES;
				CLANG_WARN_DEPRECATED_OBJC_IMPLEMENTATIONS = YES;
				CLANG_WARN_DIRECT_OBJC_ISA_USAGE = YES_ERROR;
				CLANG_WARN_DOCUMENTATION_COMMENTS = YES;
				CLANG_WARN_EMPTY_BODY = YES;
				CLANG_WARN_ENUM_CONVERSION = YES;
				CLANG_WARN_INFINITE_RECURSION = YES;
				CLANG_WARN_INT_CONVERSION = YES;
				CLANG_WARN_NON_LITERAL_NULL_CONVERSION = YES;
				CLANG_WARN_OBJC_IMPLICIT_RETAIN_SELF = YES;
				CLANG_WARN_OBJC_LITERAL_CONVERSION = YES;
				CLANG_WARN_OBJC_ROOT_CLASS = YES_ERROR;
				CLANG_WARN_RANGE_LOOP_ANALYSIS = YES;
				CLANG_WARN_STRICT_PROTOTYPES = YES;
				CLANG_WARN_SUSPICIOUS_MOVE = YES;
				CLANG_WARN_UNGUARDED_AVAILABILITY = YES_AGGRESSIVE;
				CLANG_WARN_UNREACHABLE_CODE = YES;
				CLANG_WARN__DUPLICATE_METHOD_MATCH = YES;
				COPY_PHASE_STRIP = NO;
				DEBUG_INFORMATION_FORMAT = "dwarf-with-dsym";
				ENABLE_NS_ASSERTIONS = NO;
				ENABLE_STRICT_OBJC_MSGSEND = YES;
				GCC_C_LANGUAGE_STANDARD = gnu11;
				GCC_NO_COMMON_BLOCKS = YES;
				GCC_WARN_64_TO_32_BIT_CONVERSION = YES;
				GCC_WARN_ABOUT_RETURN_TYPE = YES_ERROR;
				GCC_WARN_UNDECLARED_SELECTOR = YES;
				GCC_WARN_UNINITIALIZED_AUTOS = YES_AGGRESSIVE;
				GCC_WARN_UNUSED_FUNCTION = YES;
				GCC_WARN_UNUSED_VARIABLE = YES;
				IPHONEOS_DEPLOYMENT_TARGET = 13.4;
				MTL_ENABLE_DEBUG_INFO = NO;
				MTL_FAST_MATH = YES;
				SDKROOT = iphoneos;
				SWIFT_COMPILATION_MODE = wholemodule;
				SWIFT_OPTIMIZATION_LEVEL = "-O";
				VALIDATE_PRODUCT = YES;
			};
			name = Release;
		};
		A85BEEEF243A36D40006C262 /* Debug */ = {
			isa = XCBuildConfiguration;
			buildSettings = {
				ASSETCATALOG_COMPILER_APPICON_NAME = AppIcon;
				CODE_SIGN_STYLE = Automatic;
				INFOPLIST_FILE = Users/Info.plist;
				LD_RUNPATH_SEARCH_PATHS = (
					"$(inherited)",
					"@executable_path/Frameworks",
				);
				PRODUCT_BUNDLE_IDENTIFIER = "dhruvik-chevli.Users";
				PRODUCT_NAME = "$(TARGET_NAME)";
				SWIFT_VERSION = 5.0;
				TARGETED_DEVICE_FAMILY = "1,2";
			};
			name = Debug;
		};
		A85BEEF0243A36D40006C262 /* Release */ = {
			isa = XCBuildConfiguration;
			buildSettings = {
				ASSETCATALOG_COMPILER_APPICON_NAME = AppIcon;
				CODE_SIGN_STYLE = Automatic;
				INFOPLIST_FILE = Users/Info.plist;
				LD_RUNPATH_SEARCH_PATHS = (
					"$(inherited)",
					"@executable_path/Frameworks",
				);
				PRODUCT_BUNDLE_IDENTIFIER = "dhruvik-chevli.Users";
				PRODUCT_NAME = "$(TARGET_NAME)";
				SWIFT_VERSION = 5.0;
				TARGETED_DEVICE_FAMILY = "1,2";
			};
			name = Release;
		};
		A85BEEF2243A36D40006C262 /* Debug */ = {
			isa = XCBuildConfiguration;
			buildSettings = {
				ALWAYS_EMBED_SWIFT_STANDARD_LIBRARIES = YES;
				BUNDLE_LOADER = "$(TEST_HOST)";
				CODE_SIGN_STYLE = Automatic;
				INFOPLIST_FILE = UsersTests/Info.plist;
				IPHONEOS_DEPLOYMENT_TARGET = 13.4;
				LD_RUNPATH_SEARCH_PATHS = (
					"$(inherited)",
					"@executable_path/Frameworks",
					"@loader_path/Frameworks",
				);
				PRODUCT_BUNDLE_IDENTIFIER = "dhruvik-chevli.UsersTests";
				PRODUCT_NAME = "$(TARGET_NAME)";
				SWIFT_VERSION = 5.0;
				TARGETED_DEVICE_FAMILY = "1,2";
				TEST_HOST = "$(BUILT_PRODUCTS_DIR)/Users.app/Users";
			};
			name = Debug;
		};
		A85BEEF3243A36D40006C262 /* Release */ = {
			isa = XCBuildConfiguration;
			buildSettings = {
				ALWAYS_EMBED_SWIFT_STANDARD_LIBRARIES = YES;
				BUNDLE_LOADER = "$(TEST_HOST)";
				CODE_SIGN_STYLE = Automatic;
				INFOPLIST_FILE = UsersTests/Info.plist;
				IPHONEOS_DEPLOYMENT_TARGET = 13.4;
				LD_RUNPATH_SEARCH_PATHS = (
					"$(inherited)",
					"@executable_path/Frameworks",
					"@loader_path/Frameworks",
				);
				PRODUCT_BUNDLE_IDENTIFIER = "dhruvik-chevli.UsersTests";
				PRODUCT_NAME = "$(TARGET_NAME)";
				SWIFT_VERSION = 5.0;
				TARGETED_DEVICE_FAMILY = "1,2";
				TEST_HOST = "$(BUILT_PRODUCTS_DIR)/Users.app/Users";
			};
			name = Release;
		};
		A85BEEF5243A36D40006C262 /* Debug */ = {
			isa = XCBuildConfiguration;
			buildSettings = {
				ALWAYS_EMBED_SWIFT_STANDARD_LIBRARIES = YES;
				CODE_SIGN_STYLE = Automatic;
				INFOPLIST_FILE = UsersUITests/Info.plist;
				LD_RUNPATH_SEARCH_PATHS = (
					"$(inherited)",
					"@executable_path/Frameworks",
					"@loader_path/Frameworks",
				);
				PRODUCT_BUNDLE_IDENTIFIER = "dhruvik-chevli.UsersUITests";
				PRODUCT_NAME = "$(TARGET_NAME)";
				SWIFT_VERSION = 5.0;
				TARGETED_DEVICE_FAMILY = "1,2";
				TEST_TARGET_NAME = Users;
			};
			name = Debug;
		};
		A85BEEF6243A36D40006C262 /* Release */ = {
			isa = XCBuildConfiguration;
			buildSettings = {
				ALWAYS_EMBED_SWIFT_STANDARD_LIBRARIES = YES;
				CODE_SIGN_STYLE = Automatic;
				INFOPLIST_FILE = UsersUITests/Info.plist;
				LD_RUNPATH_SEARCH_PATHS = (
					"$(inherited)",
					"@executable_path/Frameworks",
					"@loader_path/Frameworks",
				);
				PRODUCT_BUNDLE_IDENTIFIER = "dhruvik-chevli.UsersUITests";
				PRODUCT_NAME = "$(TARGET_NAME)";
				SWIFT_VERSION = 5.0;
				TARGETED_DEVICE_FAMILY = "1,2";
				TEST_TARGET_NAME = Users;
			};
			name = Release;
		};
/* End XCBuildConfiguration section */

/* Begin XCConfigurationList section */
		A85BEEBF243A36D10006C262 /* Build configuration list for PBXProject "Users" */ = {
			isa = XCConfigurationList;
			buildConfigurations = (
				A85BEEEC243A36D40006C262 /* Debug */,
				A85BEEED243A36D40006C262 /* Release */,
			);
			defaultConfigurationIsVisible = 0;
			defaultConfigurationName = Release;
		};
		A85BEEEE243A36D40006C262 /* Build configuration list for PBXNativeTarget "Users" */ = {
			isa = XCConfigurationList;
			buildConfigurations = (
				A85BEEEF243A36D40006C262 /* Debug */,
				A85BEEF0243A36D40006C262 /* Release */,
			);
			defaultConfigurationIsVisible = 0;
			defaultConfigurationName = Release;
		};
		A85BEEF1243A36D40006C262 /* Build configuration list for PBXNativeTarget "UsersTests" */ = {
			isa = XCConfigurationList;
			buildConfigurations = (
				A85BEEF2243A36D40006C262 /* Debug */,
				A85BEEF3243A36D40006C262 /* Release */,
			);
			defaultConfigurationIsVisible = 0;
			defaultConfigurationName = Release;
		};
		A85BEEF4243A36D40006C262 /* Build configuration list for PBXNativeTarget "UsersUITests" */ = {
			isa = XCConfigurationList;
			buildConfigurations = (
				A85BEEF5243A36D40006C262 /* Debug */,
				A85BEEF6243A36D40006C262 /* Release */,
			);
			defaultConfigurationIsVisible = 0;
			defaultConfigurationName = Release;
		};
/* End XCConfigurationList section */
	};
	rootObject = A85BEEBC243A36D10006C262 /* Project object */;
}
